
Microsoft Visual Studio Solution File, Format Version 12.00
# Visual Studio Version 17
VisualStudioVersion = 17.10.35013.160
MinimumVisualStudioVersion = 10.0.40219.1
Project("{9A19103F-16F7-4668-BE54-9A1E7A4F7556}") = "zompyDogs", "zompyDogs\zompyDogs.csproj", "{0FF8C824-BB57-4887-AB3F-C44B540E93EA}"
EndProject
Project("{FAE04EC0-301F-11D3-BF4B-00C04F79EFBC}") = "ZompyDogsDAO", "ZompyDogsDAO\ZompyDogsDAO.csproj", "{B810D24A-95D4-4ADD-BFE2-CC53185D2745}"
EndProject
Project("{FAE04EC0-301F-11D3-BF4B-00C04F79EFBC}") = "ZompyDogsLib", "ZompyDogsLib\ZompyDogsLib.csproj", "{AB10D7BD-300B-4C05-AE19-9A4ACB2D6ADC}"
EndProject
Global
	GlobalSection(SolutionConfigurationPlatforms) = preSolution
		Debug|Any CPU = Debug|Any CPU
		Release|Any CPU = Release|Any CPU
	EndGlobalSection
	GlobalSection(ProjectConfigurationPlatforms) = postSolution
		{0FF8C824-BB57-4887-AB3F-C44B540E93EA}.Debug|Any CPU.ActiveCfg = Debug|Any CPU
		{0FF8C824-BB57-4887-AB3F-C44B540E93EA}.Debug|Any CPU.Build.0 = Debug|Any CPU
		{0FF8C824-BB57-4887-AB3F-C44B540E93EA}.Release|Any CPU.ActiveCfg = Release|Any CPU
		{0FF8C824-BB57-4887-AB3F-C44B540E93EA}.Release|Any CPU.Build.0 = Release|Any CPU
		{B810D24A-95D4-4ADD-BFE2-CC53185D2745}.Debug|Any CPU.ActiveCfg = Debug|Any CPU
		{B810D24A-95D4-4ADD-BFE2-CC53185D2745}.Debug|Any CPU.Build.0 = Debug|Any CPU
		{B810D24A-95D4-4ADD-BFE2-CC53185D2745}.Release|Any CPU.ActiveCfg = Release|Any CPU
		{B810D24A-95D4-4ADD-BFE2-CC53185D2745}.Release|Any CPU.Build.0 = Release|Any CPU
		{AB10D7BD-300B-4C05-AE19-9A4ACB2D6ADC}.Debug|Any CPU.ActiveCfg = Debug|Any CPU
		{AB10D7BD-300B-4C05-AE19-9A4ACB2D6ADC}.Debug|Any CPU.Build.0 = Debug|Any CPU
		{AB10D7BD-300B-4C05-AE19-9A4ACB2D6ADC}.Release|Any CPU.ActiveCfg = Release|Any CPU
		{AB10D7BD-300B-4C05-AE19-9A4ACB2D6ADC}.Release|Any CPU.Build.0 = Release|Any CPU
	EndGlobalSection
	GlobalSection(SolutionProperties) = preSolution
		HideSolutionNode = FALSE
	EndGlobalSection
	GlobalSection(ExtensibilityGlobals) = postSolution
		SolutionGuid = {0DB2F706-EC83-45AE-B8A5-A67A6EE9AA8B}
	EndGlobalSection
EndGlobal
